
Microsoft Visual Studio Solution File, Format Version 12.00
# Visual Studio Version 17
VisualStudioVersion = 17.5.002.0
MinimumVisualStudioVersion = 10.0.40219.1
Project("{9A19103F-16F7-4668-BE54-9A1E7A4F7556}") = "Icomparable_interface", "Icomparable_interface.csproj", "{98C2D824-354B-426A-8E52-79F42CB6DB79}"
EndProject
Global
	GlobalSection(SolutionConfigurationPlatforms) = preSolution
		Debug|Any CPU = Debug|Any CPU
		Release|Any CPU = Release|Any CPU
	EndGlobalSection
	GlobalSection(ProjectConfigurationPlatforms) = postSolution
		{98C2D824-354B-426A-8E52-79F42CB6DB79}.Debug|Any CPU.ActiveCfg = Debug|Any CPU
		{98C2D824-354B-426A-8E52-79F42CB6DB79}.Debug|Any CPU.Build.0 = Debug|Any CPU
		{98C2D824-354B-426A-8E52-79F42CB6DB79}.Release|Any CPU.ActiveCfg = Release|Any CPU
		{98C2D824-354B-426A-8E52-79F42CB6DB79}.Release|Any CPU.Build.0 = Release|Any CPU
	EndGlobalSection
	GlobalSection(SolutionProperties) = preSolution
		HideSolutionNode = FALSE
	EndGlobalSection
	GlobalSection(ExtensibilityGlobals) = postSolution
		SolutionGuid = {8F55DF0B-7809-4CC2-87BA-90ED7B705C5D}
	EndGlobalSection
EndGlobal
