
Microsoft Visual Studio Solution File, Format Version 12.00
# Visual Studio Version 17
VisualStudioVersion = 17.5.002.0
MinimumVisualStudioVersion = 10.0.40219.1
Project("{9A19103F-16F7-4668-BE54-9A1E7A4F7556}") = "Class Abstract", "Class Abstract.csproj", "{9300C28C-9FDD-449A-BFD7-8C6793117F46}"
EndProject
Global
	GlobalSection(SolutionConfigurationPlatforms) = preSolution
		Debug|Any CPU = Debug|Any CPU
		Release|Any CPU = Release|Any CPU
	EndGlobalSection
	GlobalSection(ProjectConfigurationPlatforms) = postSolution
		{9300C28C-9FDD-449A-BFD7-8C6793117F46}.Debug|Any CPU.ActiveCfg = Debug|Any CPU
		{9300C28C-9FDD-449A-BFD7-8C6793117F46}.Debug|Any CPU.Build.0 = Debug|Any CPU
		{9300C28C-9FDD-449A-BFD7-8C6793117F46}.Release|Any CPU.ActiveCfg = Release|Any CPU
		{9300C28C-9FDD-449A-BFD7-8C6793117F46}.Release|Any CPU.Build.0 = Release|Any CPU
	EndGlobalSection
	GlobalSection(SolutionProperties) = preSolution
		HideSolutionNode = FALSE
	EndGlobalSection
	GlobalSection(ExtensibilityGlobals) = postSolution
		SolutionGuid = {787B4420-8731-4A18-AAB1-DC0924CFB7B2}
	EndGlobalSection
EndGlobal
